
Microsoft Visual Studio Solution File, Format Version 12.00
# Visual Studio 2013
VisualStudioVersion = 12.0.40629.0
MinimumVisualStudioVersion = 10.0.40219.1
Project("{FAE04EC0-301F-11D3-BF4B-00C04F79EFBC}") = "CubePermissionLib", "CubePermissionLib\CubePermissionLib.csproj", "{89533912-EFB8-42B1-98FF-9B0584018AD7}"
EndProject
Project("{FAE04EC0-301F-11D3-BF4B-00C04F79EFBC}") = "SqlToMdxLib", "SqlToMdxLib\SqlToMdxLib.csproj", "{4C054821-EA97-4ED7-ADC8-3D41E6600458}"
EndProject
Project("{FAE04EC0-301F-11D3-BF4B-00C04F79EFBC}") = "CubePermissionService", "CubePermissionService\CubePermissionService.csproj", "{295435E4-B182-4DEB-BF06-E000A1671C82}"
EndProject
Project("{E24C65DC-7377-472B-9ABA-BC803B73C61A}") = "TestWebSite", "http://localhost:8273", "{8ECA3BBD-4B15-4B03-AE87-680A295DD2A2}"
	ProjectSection(WebsiteProperties) = preProject
		UseIISExpress = "true"
		TargetFrameworkMoniker = ".NETFramework,Version%3Dv4.5"
		Debug.AspNetCompiler.VirtualPath = "/localhost_8273"
		Debug.AspNetCompiler.PhysicalPath = "TestWebSite\"
		Debug.AspNetCompiler.TargetPath = "PrecompiledWeb\localhost_8273\"
		Debug.AspNetCompiler.Updateable = "true"
		Debug.AspNetCompiler.ForceOverwrite = "true"
		Debug.AspNetCompiler.FixedNames = "false"
		Debug.AspNetCompiler.Debug = "True"
		Release.AspNetCompiler.VirtualPath = "/localhost_8273"
		Release.AspNetCompiler.PhysicalPath = "TestWebSite\"
		Release.AspNetCompiler.TargetPath = "PrecompiledWeb\localhost_8273\"
		Release.AspNetCompiler.Updateable = "true"
		Release.AspNetCompiler.ForceOverwrite = "true"
		Release.AspNetCompiler.FixedNames = "false"
		Release.AspNetCompiler.Debug = "False"
		SlnRelativePath = "TestWebSite\"
		DefaultWebSiteLanguage = "Visual C#"
	EndProjectSection
EndProject
Global
	GlobalSection(SolutionConfigurationPlatforms) = preSolution
		Debug|Any CPU = Debug|Any CPU
		Release|Any CPU = Release|Any CPU
	EndGlobalSection
	GlobalSection(ProjectConfigurationPlatforms) = postSolution
		{89533912-EFB8-42B1-98FF-9B0584018AD7}.Debug|Any CPU.ActiveCfg = Debug|Any CPU
		{89533912-EFB8-42B1-98FF-9B0584018AD7}.Debug|Any CPU.Build.0 = Debug|Any CPU
		{89533912-EFB8-42B1-98FF-9B0584018AD7}.Release|Any CPU.ActiveCfg = Release|Any CPU
		{89533912-EFB8-42B1-98FF-9B0584018AD7}.Release|Any CPU.Build.0 = Release|Any CPU
		{4C054821-EA97-4ED7-ADC8-3D41E6600458}.Debug|Any CPU.ActiveCfg = Debug|Any CPU
		{4C054821-EA97-4ED7-ADC8-3D41E6600458}.Debug|Any CPU.Build.0 = Debug|Any CPU
		{4C054821-EA97-4ED7-ADC8-3D41E6600458}.Release|Any CPU.ActiveCfg = Release|Any CPU
		{4C054821-EA97-4ED7-ADC8-3D41E6600458}.Release|Any CPU.Build.0 = Release|Any CPU
		{295435E4-B182-4DEB-BF06-E000A1671C82}.Debug|Any CPU.ActiveCfg = Debug|Any CPU
		{295435E4-B182-4DEB-BF06-E000A1671C82}.Debug|Any CPU.Build.0 = Debug|Any CPU
		{295435E4-B182-4DEB-BF06-E000A1671C82}.Release|Any CPU.ActiveCfg = Release|Any CPU
		{295435E4-B182-4DEB-BF06-E000A1671C82}.Release|Any CPU.Build.0 = Release|Any CPU
		{8ECA3BBD-4B15-4B03-AE87-680A295DD2A2}.Debug|Any CPU.ActiveCfg = Debug|Any CPU
		{8ECA3BBD-4B15-4B03-AE87-680A295DD2A2}.Debug|Any CPU.Build.0 = Debug|Any CPU
		{8ECA3BBD-4B15-4B03-AE87-680A295DD2A2}.Release|Any CPU.ActiveCfg = Debug|Any CPU
		{8ECA3BBD-4B15-4B03-AE87-680A295DD2A2}.Release|Any CPU.Build.0 = Debug|Any CPU
	EndGlobalSection
	GlobalSection(SolutionProperties) = preSolution
		HideSolutionNode = FALSE
	EndGlobalSection
EndGlobal
